// !$*UTF8*$!
{
	archiveVersion = 1;
	classes = {
	};
	objectVersion = 56;
	objects = {

/* Begin PBXBuildFile section */
		02886A572B03C5D4007D59AC /* MyScoket2App.swift in Sources */ = {isa = PBXBuildFile; fileRef = 02886A562B03C5D4007D59AC /* MyScoket2App.swift */; };
		02886A592B03C5D4007D59AC /* ContentView.swift in Sources */ = {isa = PBXBuildFile; fileRef = 02886A582B03C5D4007D59AC /* ContentView.swift */; };
		02886A5B2B03C5D5007D59AC /* Assets.xcassets in Resources */ = {isa = PBXBuildFile; fileRef = 02886A5A2B03C5D5007D59AC /* Assets.xcassets */; };
		02886A5E2B03C5D5007D59AC /* Preview Assets.xcassets in Resources */ = {isa = PBXBuildFile; fileRef = 02886A5D2B03C5D5007D59AC /* Preview Assets.xcassets */; };
		02886A682B03C5D5007D59AC /* MyScoket2Tests.swift in Sources */ = {isa = PBXBuildFile; fileRef = 02886A672B03C5D5007D59AC /* MyScoket2Tests.swift */; };
		02886A722B03C5D5007D59AC /* MyScoket2UITests.swift in Sources */ = {isa = PBXBuildFile; fileRef = 02886A712B03C5D5007D59AC /* MyScoket2UITests.swift */; };
		02886A742B03C5D5007D59AC /* MyScoket2UITestsLaunchTests.swift in Sources */ = {isa = PBXBuildFile; fileRef = 02886A732B03C5D5007D59AC /* MyScoket2UITestsLaunchTests.swift */; };
		02886A872B03C648007D59AC /* UDPClient.swift in Sources */ = {isa = PBXBuildFile; fileRef = 02886A812B03C648007D59AC /* UDPClient.swift */; };
		02886A882B03C648007D59AC /* Result.swift in Sources */ = {isa = PBXBuildFile; fileRef = 02886A822B03C648007D59AC /* Result.swift */; };
		02886A892B03C648007D59AC /* TCPClient.swift in Sources */ = {isa = PBXBuildFile; fileRef = 02886A832B03C648007D59AC /* TCPClient.swift */; };
		02886A8A2B03C648007D59AC /* ytcpsocket.c in Sources */ = {isa = PBXBuildFile; fileRef = 02886A842B03C648007D59AC /* ytcpsocket.c */; };
		02886A8B2B03C648007D59AC /* Socket.swift in Sources */ = {isa = PBXBuildFile; fileRef = 02886A852B03C648007D59AC /* Socket.swift */; };
		02886A8C2B03C648007D59AC /* yudpsocket.c in Sources */ = {isa = PBXBuildFile; fileRef = 02886A862B03C648007D59AC /* yudpsocket.c */; };
		02886A8E2B03C72B007D59AC /* SendButton.swift in Sources */ = {isa = PBXBuildFile; fileRef = 02886A8D2B03C72B007D59AC /* SendButton.swift */; };
/* End PBXBuildFile section */

/* Begin PBXContainerItemProxy section */
		02886A642B03C5D5007D59AC /* PBXContainerItemProxy */ = {
			isa = PBXContainerItemProxy;
			containerPortal = 02886A4B2B03C5D4007D59AC /* Project object */;
			proxyType = 1;
			remoteGlobalIDString = 02886A522B03C5D4007D59AC;
			remoteInfo = MyScoket2;
		};
		02886A6E2B03C5D5007D59AC /* PBXContainerItemProxy */ = {
			isa = PBXContainerItemProxy;
			containerPortal = 02886A4B2B03C5D4007D59AC /* Project object */;
			proxyType = 1;
			remoteGlobalIDString = 02886A522B03C5D4007D59AC;
			remoteInfo = MyScoket2;
		};
/* End PBXContainerItemProxy section */

/* Begin PBXFileReference section */
		02886A532B03C5D4007D59AC /* MyScoket2.app */ = {isa = PBXFileReference; explicitFileType = wrapper.application; includeInIndex = 0; path = MyScoket2.app; sourceTree = BUILT_PRODUCTS_DIR; };
		02886A562B03C5D4007D59AC /* MyScoket2App.swift */ = {isa = PBXFileReference; lastKnownFileType = sourcecode.swift; path = MyScoket2App.swift; sourceTree = "<group>"; };
		02886A582B03C5D4007D59AC /* ContentView.swift */ = {isa = PBXFileReference; lastKnownFileType = sourcecode.swift; path = ContentView.swift; sourceTree = "<group>"; };
		02886A5A2B03C5D5007D59AC /* Assets.xcassets */ = {isa = PBXFileReference; lastKnownFileType = folder.assetcatalog; path = Assets.xcassets; sourceTree = "<group>"; };
		02886A5D2B03C5D5007D59AC /* Preview Assets.xcassets */ = {isa = PBXFileReference; lastKnownFileType = folder.assetcatalog; path = "Preview Assets.xcassets"; sourceTree = "<group>"; };
		02886A632B03C5D5007D59AC /* MyScoket2Tests.xctest */ = {isa = PBXFileReference; explicitFileType = wrapper.cfbundle; includeInIndex = 0; path = MyScoket2Tests.xctest; sourceTree = BUILT_PRODUCTS_DIR; };
		02886A672B03C5D5007D59AC /* MyScoket2Tests.swift */ = {isa = PBXFileReference; lastKnownFileType = sourcecode.swift; path = MyScoket2Tests.swift; sourceTree = "<group>"; };
		02886A6D2B03C5D5007D59AC /* MyScoket2UITests.xctest */ = {isa = PBXFileReference; explicitFileType = wrapper.cfbundle; includeInIndex = 0; path = MyScoket2UITests.xctest; sourceTree = BUILT_PRODUCTS_DIR; };
		02886A712B03C5D5007D59AC /* MyScoket2UITests.swift */ = {isa = PBXFileReference; lastKnownFileType = sourcecode.swift; path = MyScoket2UITests.swift; sourceTree = "<group>"; };
		02886A732B03C5D5007D59AC /* MyScoket2UITestsLaunchTests.swift */ = {isa = PBXFileReference; lastKnownFileType = sourcecode.swift; path = MyScoket2UITestsLaunchTests.swift; sourceTree = "<group>"; };
		02886A802B03C648007D59AC /* MyScoket2-Bridging-Header.h */ = {isa = PBXFileReference; lastKnownFileType = sourcecode.c.h; path = "MyScoket2-Bridging-Header.h"; sourceTree = "<group>"; };
		02886A812B03C648007D59AC /* UDPClient.swift */ = {isa = PBXFileReference; fileEncoding = 4; lastKnownFileType = sourcecode.swift; path = UDPClient.swift; sourceTree = "<group>"; };
		02886A822B03C648007D59AC /* Result.swift */ = {isa = PBXFileReference; fileEncoding = 4; lastKnownFileType = sourcecode.swift; path = Result.swift; sourceTree = "<group>"; };
		02886A832B03C648007D59AC /* TCPClient.swift */ = {isa = PBXFileReference; fileEncoding = 4; lastKnownFileType = sourcecode.swift; path = TCPClient.swift; sourceTree = "<group>"; };
		02886A842B03C648007D59AC /* ytcpsocket.c */ = {isa = PBXFileReference; fileEncoding = 4; lastKnownFileType = sourcecode.c.c; path = ytcpsocket.c; sourceTree = "<group>"; };
		02886A852B03C648007D59AC /* Socket.swift */ = {isa = PBXFileReference; fileEncoding = 4; lastKnownFileType = sourcecode.swift; path = Socket.swift; sourceTree = "<group>"; };
		02886A862B03C648007D59AC /* yudpsocket.c */ = {isa = PBXFileReference; fileEncoding = 4; lastKnownFileType = sourcecode.c.c; path = yudpsocket.c; sourceTree = "<group>"; };
		02886A8D2B03C72B007D59AC /* SendButton.swift */ = {isa = PBXFileReference; lastKnownFileType = sourcecode.swift; path = SendButton.swift; sourceTree = "<group>"; };
/* End PBXFileReference section */

/* Begin PBXFrameworksBuildPhase section */
		02886A502B03C5D4007D59AC /* Frameworks */ = {
			isa = PBXFrameworksBuildPhase;
			buildActionMask = 2147483647;
			files = (
			);
			runOnlyForDeploymentPostprocessing = 0;
		};
		02886A602B03C5D5007D59AC /* Frameworks */ = {
			isa = PBXFrameworksBuildPhase;
			buildActionMask = 2147483647;
			files = (
			);
			runOnlyForDeploymentPostprocessing = 0;
		};
		02886A6A2B03C5D5007D59AC /* Frameworks */ = {
			isa = PBXFrameworksBuildPhase;
			buildActionMask = 2147483647;
			files = (
			);
			runOnlyForDeploymentPostprocessing = 0;
		};
/* End PBXFrameworksBuildPhase section */

/* Begin PBXGroup section */
		02886A4A2B03C5D4007D59AC = {
			isa = PBXGroup;
			children = (
				02886A552B03C5D4007D59AC /* MyScoket2 */,
				02886A662B03C5D5007D59AC /* MyScoket2Tests */,
				02886A702B03C5D5007D59AC /* MyScoket2UITests */,
				02886A542B03C5D4007D59AC /* Products */,
			);
			sourceTree = "<group>";
		};
		02886A542B03C5D4007D59AC /* Products */ = {
			isa = PBXGroup;
			children = (
				02886A532B03C5D4007D59AC /* MyScoket2.app */,
				02886A632B03C5D5007D59AC /* MyScoket2Tests.xctest */,
				02886A6D2B03C5D5007D59AC /* MyScoket2UITests.xctest */,
			);
			name = Products;
			sourceTree = "<group>";
		};
		02886A552B03C5D4007D59AC /* MyScoket2 */ = {
			isa = PBXGroup;
			children = (
				02886A562B03C5D4007D59AC /* MyScoket2App.swift */,
				02886A582B03C5D4007D59AC /* ContentView.swift */,
				02886A8D2B03C72B007D59AC /* SendButton.swift */,
				02886A822B03C648007D59AC /* Result.swift */,
				02886A852B03C648007D59AC /* Socket.swift */,
				02886A832B03C648007D59AC /* TCPClient.swift */,
				02886A812B03C648007D59AC /* UDPClient.swift */,
				02886A842B03C648007D59AC /* ytcpsocket.c */,
				02886A862B03C648007D59AC /* yudpsocket.c */,
				02886A5A2B03C5D5007D59AC /* Assets.xcassets */,
				02886A5C2B03C5D5007D59AC /* Preview Content */,
				02886A802B03C648007D59AC /* MyScoket2-Bridging-Header.h */,
			);
			path = MyScoket2;
			sourceTree = "<group>";
		};
		02886A5C2B03C5D5007D59AC /* Preview Content */ = {
			isa = PBXGroup;
			children = (
				02886A5D2B03C5D5007D59AC /* Preview Assets.xcassets */,
			);
			path = "Preview Content";
			sourceTree = "<group>";
		};
		02886A662B03C5D5007D59AC /* MyScoket2Tests */ = {
			isa = PBXGroup;
			children = (
				02886A672B03C5D5007D59AC /* MyScoket2Tests.swift */,
			);
			path = MyScoket2Tests;
			sourceTree = "<group>";
		};
		02886A702B03C5D5007D59AC /* MyScoket2UITests */ = {
			isa = PBXGroup;
			children = (
				02886A712B03C5D5007D59AC /* MyScoket2UITests.swift */,
				02886A732B03C5D5007D59AC /* MyScoket2UITestsLaunchTests.swift */,
			);
			path = MyScoket2UITests;
			sourceTree = "<group>";
		};
/* End PBXGroup section */

/* Begin PBXNativeTarget section */
		02886A522B03C5D4007D59AC /* MyScoket2 */ = {
			isa = PBXNativeTarget;
			buildConfigurationList = 02886A772B03C5D5007D59AC /* Build configuration list for PBXNativeTarget "MyScoket2" */;
			buildPhases = (
				02886A4F2B03C5D4007D59AC /* Sources */,
				02886A502B03C5D4007D59AC /* Frameworks */,
				02886A512B03C5D4007D59AC /* Resources */,
			);
			buildRules = (
			);
			dependencies = (
			);
			name = MyScoket2;
			productName = MyScoket2;
			productReference = 02886A532B03C5D4007D59AC /* MyScoket2.app */;
			productType = "com.apple.product-type.application";
		};
		02886A622B03C5D5007D59AC /* MyScoket2Tests */ = {
			isa = PBXNativeTarget;
			buildConfigurationList = 02886A7A2B03C5D5007D59AC /* Build configuration list for PBXNativeTarget "MyScoket2Tests" */;
			buildPhases = (
				02886A5F2B03C5D5007D59AC /* Sources */,
				02886A602B03C5D5007D59AC /* Frameworks */,
				02886A612B03C5D5007D59AC /* Resources */,
			);
			buildRules = (
			);
			dependencies = (
				02886A652B03C5D5007D59AC /* PBXTargetDependency */,
			);
			name = MyScoket2Tests;
			productName = MyScoket2Tests;
			productReference = 02886A632B03C5D5007D59AC /* MyScoket2Tests.xctest */;
			productType = "com.apple.product-type.bundle.unit-test";
		};
		02886A6C2B03C5D5007D59AC /* MyScoket2UITests */ = {
			isa = PBXNativeTarget;
			buildConfigurationList = 02886A7D2B03C5D5007D59AC /* Build configuration list for PBXNativeTarget "MyScoket2UITests" */;
			buildPhases = (
				02886A692B03C5D5007D59AC /* Sources */,
				02886A6A2B03C5D5007D59AC /* Frameworks */,
				02886A6B2B03C5D5007D59AC /* Resources */,
			);
			buildRules = (
			);
			dependencies = (
				02886A6F2B03C5D5007D59AC /* PBXTargetDependency */,
			);
			name = MyScoket2UITests;
			productName = MyScoket2UITests;
			productReference = 02886A6D2B03C5D5007D59AC /* MyScoket2UITests.xctest */;
			productType = "com.apple.product-type.bundle.ui-testing";
		};
/* End PBXNativeTarget section */

/* Begin PBXProject section */
		02886A4B2B03C5D4007D59AC /* Project object */ = {
			isa = PBXProject;
			attributes = {
				BuildIndependentTargetsInParallel = 1;
				LastSwiftUpdateCheck = 1500;
				LastUpgradeCheck = 1500;
				TargetAttributes = {
					02886A522B03C5D4007D59AC = {
						CreatedOnToolsVersion = 15.0.1;
						LastSwiftMigration = 1500;
					};
					02886A622B03C5D5007D59AC = {
						CreatedOnToolsVersion = 15.0.1;
						TestTargetID = 02886A522B03C5D4007D59AC;
					};
					02886A6C2B03C5D5007D59AC = {
						CreatedOnToolsVersion = 15.0.1;
						TestTargetID = 02886A522B03C5D4007D59AC;
					};
				};
			};
			buildConfigurationList = 02886A4E2B03C5D4007D59AC /* Build configuration list for PBXProject "MyScoket2" */;
			compatibilityVersion = "Xcode 14.0";
			developmentRegion = en;
			hasScannedForEncodings = 0;
			knownRegions = (
				en,
				Base,
			);
			mainGroup = 02886A4A2B03C5D4007D59AC;
			productRefGroup = 02886A542B03C5D4007D59AC /* Products */;
			projectDirPath = "";
			projectRoot = "";
			targets = (
				02886A522B03C5D4007D59AC /* MyScoket2 */,
				02886A622B03C5D5007D59AC /* MyScoket2Tests */,
				02886A6C2B03C5D5007D59AC /* MyScoket2UITests */,
			);
		};
/* End PBXProject section */

/* Begin PBXResourcesBuildPhase section */
		02886A512B03C5D4007D59AC /* Resources */ = {
			isa = PBXResourcesBuildPhase;
			buildActionMask = 2147483647;
			files = (
				02886A5E2B03C5D5007D59AC /* Preview Assets.xcassets in Resources */,
				02886A5B2B03C5D5007D59AC /* Assets.xcassets in Resources */,
			);
			runOnlyForDeploymentPostprocessing = 0;
		};
		02886A612B03C5D5007D59AC /* Resources */ = {
			isa = PBXResourcesBuildPhase;
			buildActionMask = 2147483647;
			files = (
			);
			runOnlyForDeploymentPostprocessing = 0;
		};
		02886A6B2B03C5D5007D59AC /* Resources */ = {
			isa = PBXResourcesBuildPhase;
			buildActionMask = 2147483647;
			files = (
			);
			runOnlyForDeploymentPostprocessing = 0;
		};
/* End PBXResourcesBuildPhase section */

/* Begin PBXSourcesBuildPhase section */
		02886A4F2B03C5D4007D59AC /* Sources */ = {
			isa = PBXSourcesBuildPhase;
			buildActionMask = 2147483647;
			files = (
				02886A8C2B03C648007D59AC /* yudpsocket.c in Sources */,
				02886A872B03C648007D59AC /* UDPClient.swift in Sources */,
				02886A8B2B03C648007D59AC /* Socket.swift in Sources */,
				02886A892B03C648007D59AC /* TCPClient.swift in Sources */,
				02886A592B03C5D4007D59AC /* ContentView.swift in Sources */,
				02886A882B03C648007D59AC /* Result.swift in Sources */,
				02886A8E2B03C72B007D59AC /* SendButton.swift in Sources */,
				02886A8A2B03C648007D59AC /* ytcpsocket.c in Sources */,
				02886A572B03C5D4007D59AC /* MyScoket2App.swift in Sources */,
			);
			runOnlyForDeploymentPostprocessing = 0;
		};
		02886A5F2B03C5D5007D59AC /* Sources */ = {
			isa = PBXSourcesBuildPhase;
			buildActionMask = 2147483647;
			files = (
				02886A682B03C5D5007D59AC /* MyScoket2Tests.swift in Sources */,
			);
			runOnlyForDeploymentPostprocessing = 0;
		};
		02886A692B03C5D5007D59AC /* Sources */ = {
			isa = PBXSourcesBuildPhase;
			buildActionMask = 2147483647;
			files = (
				02886A742B03C5D5007D59AC /* MyScoket2UITestsLaunchTests.swift in Sources */,
				02886A722B03C5D5007D59AC /* MyScoket2UITests.swift in Sources */,
			);
			runOnlyForDeploymentPostprocessing = 0;
		};
/* End PBXSourcesBuildPhase section */

/* Begin PBXTargetDependency section */
		02886A652B03C5D5007D59AC /* PBXTargetDependency */ = {
			isa = PBXTargetDependency;
			target = 02886A522B03C5D4007D59AC /* MyScoket2 */;
			targetProxy = 02886A642B03C5D5007D59AC /* PBXContainerItemProxy */;
		};
		02886A6F2B03C5D5007D59AC /* PBXTargetDependency */ = {
			isa = PBXTargetDependency;
			target = 02886A522B03C5D4007D59AC /* MyScoket2 */;
			targetProxy = 02886A6E2B03C5D5007D59AC /* PBXContainerItemProxy */;
		};
/* End PBXTargetDependency section */

/* Begin XCBuildConfiguration section */
		02886A752B03C5D5007D59AC /* Debug */ = {
			isa = XCBuildConfiguration;
			buildSettings = {
				ALWAYS_SEARCH_USER_PATHS = NO;
				ASSETCATALOG_COMPILER_GENERATE_SWIFT_ASSET_SYMBOL_EXTENSIONS = YES;
				CLANG_ANALYZER_NONNULL = YES;
				CLANG_ANALYZER_NUMBER_OBJECT_CONVERSION = YES_AGGRESSIVE;
				CLANG_CXX_LANGUAGE_STANDARD = "gnu++20";
				CLANG_ENABLE_MODULES = YES;
				CLANG_ENABLE_OBJC_ARC = YES;
				CLANG_ENABLE_OBJC_WEAK = YES;
				CLANG_WARN_BLOCK_CAPTURE_AUTORELEASING = YES;
				CLANG_WARN_BOOL_CONVERSION = YES;
				CLANG_WARN_COMMA = YES;
				CLANG_WARN_CONSTANT_CONVERSION = YES;
				CLANG_WARN_DEPRECATED_OBJC_IMPLEMENTATIONS = YES;
				CLANG_WARN_DIRECT_OBJC_ISA_USAGE = YES_ERROR;
				CLANG_WARN_DOCUMENTATION_COMMENTS = YES;
				CLANG_WARN_EMPTY_BODY = YES;
				CLANG_WARN_ENUM_CONVERSION = YES;
				CLANG_WARN_INFINITE_RECURSION = YES;
				CLANG_WARN_INT_CONVERSION = YES;
				CLANG_WARN_NON_LITERAL_NULL_CONVERSION = YES;
				CLANG_WARN_OBJC_IMPLICIT_RETAIN_SELF = YES;
				CLANG_WARN_OBJC_LITERAL_CONVERSION = YES;
				CLANG_WARN_OBJC_ROOT_CLASS = YES_ERROR;
				CLANG_WARN_QUOTED_INCLUDE_IN_FRAMEWORK_HEADER = YES;
				CLANG_WARN_RANGE_LOOP_ANALYSIS = YES;
				CLANG_WARN_STRICT_PROTOTYPES = YES;
				CLANG_WARN_SUSPICIOUS_MOVE = YES;
				CLANG_WARN_UNGUARDED_AVAILABILITY = YES_AGGRESSIVE;
				CLANG_WARN_UNREACHABLE_CODE = YES;
				CLANG_WARN__DUPLICATE_METHOD_MATCH = YES;
				COPY_PHASE_STRIP = NO;
				DEBUG_INFORMATION_FORMAT = dwarf;
				ENABLE_STRICT_OBJC_MSGSEND = YES;
				ENABLE_TESTABILITY = YES;
				ENABLE_USER_SCRIPT_SANDBOXING = YES;
				GCC_C_LANGUAGE_STANDARD = gnu17;
				GCC_DYNAMIC_NO_PIC = NO;
				GCC_NO_COMMON_BLOCKS = YES;
				GCC_OPTIMIZATION_LEVEL = 0;
				GCC_PREPROCESSOR_DEFINITIONS = (
					"DEBUG=1",
					"$(inherited)",
				);
				GCC_WARN_64_TO_32_BIT_CONVERSION = YES;
				GCC_WARN_ABOUT_RETURN_TYPE = YES_ERROR;
				GCC_WARN_UNDECLARED_SELECTOR = YES;
				GCC_WARN_UNINITIALIZED_AUTOS = YES_AGGRESSIVE;
				GCC_WARN_UNUSED_FUNCTION = YES;
				GCC_WARN_UNUSED_VARIABLE = YES;
				IPHONEOS_DEPLOYMENT_TARGET = 17.0;
				LOCALIZATION_PREFERS_STRING_CATALOGS = YES;
				MTL_ENABLE_DEBUG_INFO = INCLUDE_SOURCE;
				MTL_FAST_MATH = YES;
				ONLY_ACTIVE_ARCH = YES;
				SDKROOT = iphoneos;
				SWIFT_ACTIVE_COMPILATION_CONDITIONS = "DEBUG $(inherited)";
				SWIFT_OPTIMIZATION_LEVEL = "-Onone";
			};
			name = Debug;
		};
		02886A762B03C5D5007D59AC /* Release */ = {
			isa = XCBuildConfiguration;
			buildSettings = {
				ALWAYS_SEARCH_USER_PATHS = NO;
				ASSETCATALOG_COMPILER_GENERATE_SWIFT_ASSET_SYMBOL_EXTENSIONS = YES;
				CLANG_ANALYZER_NONNULL = YES;
				CLANG_ANALYZER_NUMBER_OBJECT_CONVERSION = YES_AGGRESSIVE;
				CLANG_CXX_LANGUAGE_STANDARD = "gnu++20";
				CLANG_ENABLE_MODULES = YES;
				CLANG_ENABLE_OBJC_ARC = YES;
				CLANG_ENABLE_OBJC_WEAK = YES;
				CLANG_WARN_BLOCK_CAPTURE_AUTORELEASING = YES;
				CLANG_WARN_BOOL_CONVERSION = YES;
				CLANG_WARN_COMMA = YES;
				CLANG_WARN_CONSTANT_CONVERSION = YES;
				CLANG_WARN_DEPRECATED_OBJC_IMPLEMENTATIONS = YES;
				CLANG_WARN_DIRECT_OBJC_ISA_USAGE = YES_ERROR;
				CLANG_WARN_DOCUMENTATION_COMMENTS = YES;
				CLANG_WARN_EMPTY_BODY = YES;
				CLANG_WARN_ENUM_CONVERSION = YES;
				CLANG_WARN_INFINITE_RECURSION = YES;
				CLANG_WARN_INT_CONVERSION = YES;
				CLANG_WARN_NON_LITERAL_NULL_CONVERSION = YES;
				CLANG_WARN_OBJC_IMPLICIT_RETAIN_SELF = YES;
				CLANG_WARN_OBJC_LITERAL_CONVERSION = YES;
				CLANG_WARN_OBJC_ROOT_CLASS = YES_ERROR;
				CLANG_WARN_QUOTED_INCLUDE_IN_FRAMEWORK_HEADER = YES;
				CLANG_WARN_RANGE_LOOP_ANALYSIS = YES;
				CLANG_WARN_STRICT_PROTOTYPES = YES;
				CLANG_WARN_SUSPICIOUS_MOVE = YES;
				CLANG_WARN_UNGUARDED_AVAILABILITY = YES_AGGRESSIVE;
				CLANG_WARN_UNREACHABLE_CODE = YES;
				CLANG_WARN__DUPLICATE_METHOD_MATCH = YES;
				COPY_PHASE_STRIP = NO;
				DEBUG_INFORMATION_FORMAT = "dwarf-with-dsym";
				ENABLE_NS_ASSERTIONS = NO;
				ENABLE_STRICT_OBJC_MSGSEND = YES;
				ENABLE_USER_SCRIPT_SANDBOXING = YES;
				GCC_C_LANGUAGE_STANDARD = gnu17;
				GCC_NO_COMMON_BLOCKS = YES;
				GCC_WARN_64_TO_32_BIT_CONVERSION = YES;
				GCC_WARN_ABOUT_RETURN_TYPE = YES_ERROR;
				GCC_WARN_UNDECLARED_SELECTOR = YES;
				GCC_WARN_UNINITIALIZED_AUTOS = YES_AGGRESSIVE;
				GCC_WARN_UNUSED_FUNCTION = YES;
				GCC_WARN_UNUSED_VARIABLE = YES;
				IPHONEOS_DEPLOYMENT_TARGET = 17.0;
				LOCALIZATION_PREFERS_STRING_CATALOGS = YES;
				MTL_ENABLE_DEBUG_INFO = NO;
				MTL_FAST_MATH = YES;
				SDKROOT = iphoneos;
				SWIFT_COMPILATION_MODE = wholemodule;
				VALIDATE_PRODUCT = YES;
			};
			name = Release;
		};
		02886A782B03C5D5007D59AC /* Debug */ = {
			isa = XCBuildConfiguration;
			buildSettings = {
				ASSETCATALOG_COMPILER_APPICON_NAME = AppIcon;
				ASSETCATALOG_COMPILER_GLOBAL_ACCENT_COLOR_NAME = AccentColor;
				CLANG_ENABLE_MODULES = YES;
				CODE_SIGN_STYLE = Automatic;
				CURRENT_PROJECT_VERSION = 1;
				DEVELOPMENT_ASSET_PATHS = "\"MyScoket2/Preview Content\"";
				DEVELOPMENT_TEAM = R584Z797KX;
				ENABLE_PREVIEWS = YES;
				GENERATE_INFOPLIST_FILE = YES;
				INFOPLIST_KEY_UIApplicationSceneManifest_Generation = YES;
				INFOPLIST_KEY_UIApplicationSupportsIndirectInputEvents = YES;
				INFOPLIST_KEY_UILaunchScreen_Generation = YES;
				INFOPLIST_KEY_UISupportedInterfaceOrientations_iPad = "UIInterfaceOrientationPortrait UIInterfaceOrientationPortraitUpsideDown UIInterfaceOrientationLandscapeLeft UIInterfaceOrientationLandscapeRight";
				INFOPLIST_KEY_UISupportedInterfaceOrientations_iPhone = "UIInterfaceOrientationPortrait UIInterfaceOrientationLandscapeLeft UIInterfaceOrientationLandscapeRight";
				LD_RUNPATH_SEARCH_PATHS = (
					"$(inherited)",
					"@executable_path/Frameworks",
				);
				MARKETING_VERSION = 1.0;
				PRODUCT_BUNDLE_IDENTIFIER = scbaek.com.MyScoket2;
				PRODUCT_NAME = "$(TARGET_NAME)";
				SWIFT_EMIT_LOC_STRINGS = YES;
				SWIFT_OBJC_BRIDGING_HEADER = "MyScoket2/MyScoket2-Bridging-Header.h";
				SWIFT_OPTIMIZATION_LEVEL = "-Onone";
				SWIFT_VERSION = 5.0;
				TARGETED_DEVICE_FAMILY = "1,2";
			};
			name = Debug;
		};
		02886A792B03C5D5007D59AC /* Release */ = {
			isa = XCBuildConfiguration;
			buildSettings = {
				ASSETCATALOG_COMPILER_APPICON_NAME = AppIcon;
				ASSETCATALOG_COMPILER_GLOBAL_ACCENT_COLOR_NAME = AccentColor;
				CLANG_ENABLE_MODULES = YES;
				CODE_SIGN_STYLE = Automatic;
				CURRENT_PROJECT_VERSION = 1;
				DEVELOPMENT_ASSET_PATHS = "\"MyScoket2/Preview Content\"";
				DEVELOPMENT_TEAM = R584Z797KX;
				ENABLE_PREVIEWS = YES;
				GENERATE_INFOPLIST_FILE = YES;
				INFOPLIST_KEY_UIApplicationSceneManifest_Generation = YES;
				INFOPLIST_KEY_UIApplicationSupportsIndirectInputEvents = YES;
				INFOPLIST_KEY_UILaunchScreen_Generation = YES;
				INFOPLIST_KEY_UISupportedInterfaceOrientations_iPad = "UIInterfaceOrientationPortrait UIInterfaceOrientationPortraitUpsideDown UIInterfaceOrientationLandscapeLeft UIInterfaceOrientationLandscapeRight";
				INFOPLIST_KEY_UISupportedInterfaceOrientations_iPhone = "UIInterfaceOrientationPortrait UIInterfaceOrientationLandscapeLeft UIInterfaceOrientationLandscapeRight";
				LD_RUNPATH_SEARCH_PATHS = (
					"$(inherited)",
					"@executable_path/Frameworks",
				);
				MARKETING_VERSION = 1.0;
				PRODUCT_BUNDLE_IDENTIFIER = scbaek.com.MyScoket2;
				PRODUCT_NAME = "$(TARGET_NAME)";
				SWIFT_EMIT_LOC_STRINGS = YES;
				SWIFT_OBJC_BRIDGING_HEADER = "MyScoket2/MyScoket2-Bridging-Header.h";
				SWIFT_VERSION = 5.0;
				TARGETED_DEVICE_FAMILY = "1,2";
			};
			name = Release;
		};
		02886A7B2B03C5D5007D59AC /* Debug */ = {
			isa = XCBuildConfiguration;
			buildSettings = {
				ALWAYS_EMBED_SWIFT_STANDARD_LIBRARIES = YES;
				BUNDLE_LOADER = "$(TEST_HOST)";
				CODE_SIGN_STYLE = Automatic;
				CURRENT_PROJECT_VERSION = 1;
				DEVELOPMENT_TEAM = R584Z797KX;
				GENERATE_INFOPLIST_FILE = YES;
				IPHONEOS_DEPLOYMENT_TARGET = 17.0;
				MARKETING_VERSION = 1.0;
				PRODUCT_BUNDLE_IDENTIFIER = scbaek.com.MyScoket2Tests;
				PRODUCT_NAME = "$(TARGET_NAME)";
				SWIFT_EMIT_LOC_STRINGS = NO;
				SWIFT_VERSION = 5.0;
				TARGETED_DEVICE_FAMILY = "1,2";
				TEST_HOST = "$(BUILT_PRODUCTS_DIR)/MyScoket2.app/$(BUNDLE_EXECUTABLE_FOLDER_PATH)/MyScoket2";
			};
			name = Debug;
		};
		02886A7C2B03C5D5007D59AC /* Release */ = {
			isa = XCBuildConfiguration;
			buildSettings = {
				ALWAYS_EMBED_SWIFT_STANDARD_LIBRARIES = YES;
				BUNDLE_LOADER = "$(TEST_HOST)";
				CODE_SIGN_STYLE = Automatic;
				CURRENT_PROJECT_VERSION = 1;
				DEVELOPMENT_TEAM = R584Z797KX;
				GENERATE_INFOPLIST_FILE = YES;
				IPHONEOS_DEPLOYMENT_TARGET = 17.0;
				MARKETING_VERSION = 1.0;
				PRODUCT_BUNDLE_IDENTIFIER = scbaek.com.MyScoket2Tests;
				PRODUCT_NAME = "$(TARGET_NAME)";
				SWIFT_EMIT_LOC_STRINGS = NO;
				SWIFT_VERSION = 5.0;
				TARGETED_DEVICE_FAMILY = "1,2";
				TEST_HOST = "$(BUILT_PRODUCTS_DIR)/MyScoket2.app/$(BUNDLE_EXECUTABLE_FOLDER_PATH)/MyScoket2";
			};
			name = Release;
		};
		02886A7E2B03C5D5007D59AC /* Debug */ = {
			isa = XCBuildConfiguration;
			buildSettings = {
				ALWAYS_EMBED_SWIFT_STANDARD_LIBRARIES = YES;
				CODE_SIGN_STYLE = Automatic;
				CURRENT_PROJECT_VERSION = 1;
				DEVELOPMENT_TEAM = R584Z797KX;
				GENERATE_INFOPLIST_FILE = YES;
				MARKETING_VERSION = 1.0;
				PRODUCT_BUNDLE_IDENTIFIER = scbaek.com.MyScoket2UITests;
				PRODUCT_NAME = "$(TARGET_NAME)";
				SWIFT_EMIT_LOC_STRINGS = NO;
				SWIFT_VERSION = 5.0;
				TARGETED_DEVICE_FAMILY = "1,2";
				TEST_TARGET_NAME = MyScoket2;
			};
			name = Debug;
		};
		02886A7F2B03C5D5007D59AC /* Release */ = {
			isa = XCBuildConfiguration;
			buildSettings = {
				ALWAYS_EMBED_SWIFT_STANDARD_LIBRARIES = YES;
				CODE_SIGN_STYLE = Automatic;
				CURRENT_PROJECT_VERSION = 1;
				DEVELOPMENT_TEAM = R584Z797KX;
				GENERATE_INFOPLIST_FILE = YES;
				MARKETING_VERSION = 1.0;
				PRODUCT_BUNDLE_IDENTIFIER = scbaek.com.MyScoket2UITests;
				PRODUCT_NAME = "$(TARGET_NAME)";
				SWIFT_EMIT_LOC_STRINGS = NO;
				SWIFT_VERSION = 5.0;
				TARGETED_DEVICE_FAMILY = "1,2";
				TEST_TARGET_NAME = MyScoket2;
			};
			name = Release;
		};
/* End XCBuildConfiguration section */

/* Begin XCConfigurationList section */
		02886A4E2B03C5D4007D59AC /* Build configuration list for PBXProject "MyScoket2" */ = {
			isa = XCConfigurationList;
			buildConfigurations = (
				02886A752B03C5D5007D59AC /* Debug */,
				02886A762B03C5D5007D59AC /* Release */,
			);
			defaultConfigurationIsVisible = 0;
			defaultConfigurationName = Release;
		};
		02886A772B03C5D5007D59AC /* Build configuration list for PBXNativeTarget "MyScoket2" */ = {
			isa = XCConfigurationList;
			buildConfigurations = (
				02886A782B03C5D5007D59AC /* Debug */,
				02886A792B03C5D5007D59AC /* Release */,
			);
			defaultConfigurationIsVisible = 0;
			defaultConfigurationName = Release;
		};
		02886A7A2B03C5D5007D59AC /* Build configuration list for PBXNativeTarget "MyScoket2Tests" */ = {
			isa = XCConfigurationList;
			buildConfigurations = (
				02886A7B2B03C5D5007D59AC /* Debug */,
				02886A7C2B03C5D5007D59AC /* Release */,
			);
			defaultConfigurationIsVisible = 0;
			defaultConfigurationName = Release;
		};
		02886A7D2B03C5D5007D59AC /* Build configuration list for PBXNativeTarget "MyScoket2UITests" */ = {
			isa = XCConfigurationList;
			buildConfigurations = (
				02886A7E2B03C5D5007D59AC /* Debug */,
				02886A7F2B03C5D5007D59AC /* Release */,
			);
			defaultConfigurationIsVisible = 0;
			defaultConfigurationName = Release;
		};
/* End XCConfigurationList section */
	};
	rootObject = 02886A4B2B03C5D4007D59AC /* Project object */;
}
